
Microsoft Visual Studio Solution File, Format Version 12.00
# Visual Studio 14
VisualStudioVersion = 14.0.24720.0
MinimumVisualStudioVersion = 10.0.40219.1
Project("{FAE04EC0-301F-11D3-BF4B-00C04F79EFBC}") = "Collatz", "Collatz\Collatz.csproj", "{1C1660C0-926B-4DF4-898D-D4D2FD6A50EC}"
EndProject
Global
	GlobalSection(SolutionConfigurationPlatforms) = preSolution
		Debug|Any CPU = Debug|Any CPU
		Release|Any CPU = Release|Any CPU
	EndGlobalSection
	GlobalSection(ProjectConfigurationPlatforms) = postSolution
		{1C1660C0-926B-4DF4-898D-D4D2FD6A50EC}.Debug|Any CPU.ActiveCfg = Debug|Any CPU
		{1C1660C0-926B-4DF4-898D-D4D2FD6A50EC}.Debug|Any CPU.Build.0 = Debug|Any CPU
		{1C1660C0-926B-4DF4-898D-D4D2FD6A50EC}.Release|Any CPU.ActiveCfg = Release|Any CPU
		{1C1660C0-926B-4DF4-898D-D4D2FD6A50EC}.Release|Any CPU.Build.0 = Release|Any CPU
	EndGlobalSection
	GlobalSection(SolutionProperties) = preSolution
		HideSolutionNode = FALSE
	EndGlobalSection
EndGlobal
